// !$*UTF8*$!
{
	archiveVersion = 1;
	classes = {
	};
	objectVersion = 50;
	objects = {

/* Begin PBXBuildFile section */
		72C6A7D65411BBC7CBA718AB /* Pods_TasksOnFire.framework in Frameworks */ = {isa = PBXBuildFile; fileRef = C791BAD4B1EBDDD967A83761 /* Pods_TasksOnFire.framework */; };
		AF21A22E213FAD41006FB217 /* AppDelegate.swift in Sources */ = {isa = PBXBuildFile; fileRef = AF21A22D213FAD41006FB217 /* AppDelegate.swift */; };
		AF21A230213FAD41006FB217 /* ViewController.swift in Sources */ = {isa = PBXBuildFile; fileRef = AF21A22F213FAD41006FB217 /* ViewController.swift */; };
		AF21A233213FAD41006FB217 /* Main.storyboard in Resources */ = {isa = PBXBuildFile; fileRef = AF21A231213FAD41006FB217 /* Main.storyboard */; };
		AF21A235213FAD42006FB217 /* Assets.xcassets in Resources */ = {isa = PBXBuildFile; fileRef = AF21A234213FAD42006FB217 /* Assets.xcassets */; };
		AF21A238213FAD42006FB217 /* LaunchScreen.storyboard in Resources */ = {isa = PBXBuildFile; fileRef = AF21A236213FAD42006FB217 /* LaunchScreen.storyboard */; };
/* End PBXBuildFile section */

/* Begin PBXFileReference section */
		1C2334A73826DFBDDB3D7F07 /* Pods-TasksOnFire.release.xcconfig */ = {isa = PBXFileReference; includeInIndex = 1; lastKnownFileType = text.xcconfig; name = "Pods-TasksOnFire.release.xcconfig"; path = "Pods/Target Support Files/Pods-TasksOnFire/Pods-TasksOnFire.release.xcconfig"; sourceTree = "<group>"; };
		AF21A22A213FAD41006FB217 /* TasksOnFire.app */ = {isa = PBXFileReference; explicitFileType = wrapper.application; includeInIndex = 0; path = TasksOnFire.app; sourceTree = BUILT_PRODUCTS_DIR; };
		AF21A22D213FAD41006FB217 /* AppDelegate.swift */ = {isa = PBXFileReference; lastKnownFileType = sourcecode.swift; path = AppDelegate.swift; sourceTree = "<group>"; };
		AF21A22F213FAD41006FB217 /* ViewController.swift */ = {isa = PBXFileReference; lastKnownFileType = sourcecode.swift; path = ViewController.swift; sourceTree = "<group>"; };
		AF21A232213FAD41006FB217 /* Base */ = {isa = PBXFileReference; lastKnownFileType = file.storyboard; name = Base; path = Base.lproj/Main.storyboard; sourceTree = "<group>"; };
		AF21A234213FAD42006FB217 /* Assets.xcassets */ = {isa = PBXFileReference; lastKnownFileType = folder.assetcatalog; path = Assets.xcassets; sourceTree = "<group>"; };
		AF21A237213FAD42006FB217 /* Base */ = {isa = PBXFileReference; lastKnownFileType = file.storyboard; name = Base; path = Base.lproj/LaunchScreen.storyboard; sourceTree = "<group>"; };
		AF21A239213FAD42006FB217 /* Info.plist */ = {isa = PBXFileReference; lastKnownFileType = text.plist.xml; path = Info.plist; sourceTree = "<group>"; };
		C01F0402A8D3B20C562520EE /* Pods-TasksOnFire.debug.xcconfig */ = {isa = PBXFileReference; includeInIndex = 1; lastKnownFileType = text.xcconfig; name = "Pods-TasksOnFire.debug.xcconfig"; path = "Pods/Target Support Files/Pods-TasksOnFire/Pods-TasksOnFire.debug.xcconfig"; sourceTree = "<group>"; };
		C791BAD4B1EBDDD967A83761 /* Pods_TasksOnFire.framework */ = {isa = PBXFileReference; explicitFileType = wrapper.framework; includeInIndex = 0; path = Pods_TasksOnFire.framework; sourceTree = BUILT_PRODUCTS_DIR; };
/* End PBXFileReference section */

/* Begin PBXFrameworksBuildPhase section */
		AF21A227213FAD41006FB217 /* Frameworks */ = {
			isa = PBXFrameworksBuildPhase;
			buildActionMask = 2147483647;
			files = (
				72C6A7D65411BBC7CBA718AB /* Pods_TasksOnFire.framework in Frameworks */,
			);
			runOnlyForDeploymentPostprocessing = 0;
		};
/* End PBXFrameworksBuildPhase section */

/* Begin PBXGroup section */
		03D91A7060B01F6246B9743E /* Frameworks */ = {
			isa = PBXGroup;
			children = (
				C791BAD4B1EBDDD967A83761 /* Pods_TasksOnFire.framework */,
			);
			name = Frameworks;
			sourceTree = "<group>";
		};
		A68EA9DC03524D2AF2553F4C /* Pods */ = {
			isa = PBXGroup;
			children = (
				C01F0402A8D3B20C562520EE /* Pods-TasksOnFire.debug.xcconfig */,
				1C2334A73826DFBDDB3D7F07 /* Pods-TasksOnFire.release.xcconfig */,
			);
			name = Pods;
			sourceTree = "<group>";
		};
		AF21A221213FAD41006FB217 = {
			isa = PBXGroup;
			children = (
				AF21A22C213FAD41006FB217 /* TasksOnFire */,
				AF21A22B213FAD41006FB217 /* Products */,
				A68EA9DC03524D2AF2553F4C /* Pods */,
				03D91A7060B01F6246B9743E /* Frameworks */,
			);
			sourceTree = "<group>";
		};
		AF21A22B213FAD41006FB217 /* Products */ = {
			isa = PBXGroup;
			children = (
				AF21A22A213FAD41006FB217 /* TasksOnFire.app */,
			);
			name = Products;
			sourceTree = "<group>";
		};
		AF21A22C213FAD41006FB217 /* TasksOnFire */ = {
			isa = PBXGroup;
			children = (
				AF21A22D213FAD41006FB217 /* AppDelegate.swift */,
				AF21A22F213FAD41006FB217 /* ViewController.swift */,
				AF21A231213FAD41006FB217 /* Main.storyboard */,
				AF21A234213FAD42006FB217 /* Assets.xcassets */,
				AF21A236213FAD42006FB217 /* LaunchScreen.storyboard */,
				AF21A239213FAD42006FB217 /* Info.plist */,
			);
			path = TasksOnFire;
			sourceTree = "<group>";
		};
/* End PBXGroup section */

/* Begin PBXNativeTarget section */
		AF21A229213FAD41006FB217 /* TasksOnFire */ = {
			isa = PBXNativeTarget;
			buildConfigurationList = AF21A23C213FAD42006FB217 /* Build configuration list for PBXNativeTarget "TasksOnFire" */;
			buildPhases = (
				B975CE6BD59BFE47D57AC6FE /* [CP] Check Pods Manifest.lock */,
				AF21A226213FAD41006FB217 /* Sources */,
				AF21A227213FAD41006FB217 /* Frameworks */,
				AF21A228213FAD41006FB217 /* Resources */,
				79AB301F4115BD6F21FE8D84 /* [CP] Embed Pods Frameworks */,
			);
			buildRules = (
			);
			dependencies = (
			);
			name = TasksOnFire;
			productName = TasksOnFire;
			productReference = AF21A22A213FAD41006FB217 /* TasksOnFire.app */;
			productType = "com.apple.product-type.application";
		};
/* End PBXNativeTarget section */

/* Begin PBXProject section */
		AF21A222213FAD41006FB217 /* Project object */ = {
			isa = PBXProject;
			attributes = {
				LastSwiftUpdateCheck = 0940;
				LastUpgradeCheck = 0940;
				ORGANIZATIONNAME = Tinkertanker;
				TargetAttributes = {
					AF21A229213FAD41006FB217 = {
						CreatedOnToolsVersion = 9.4.1;
					};
				};
			};
			buildConfigurationList = AF21A225213FAD41006FB217 /* Build configuration list for PBXProject "TasksOnFire" */;
			compatibilityVersion = "Xcode 9.3";
			developmentRegion = en;
			hasScannedForEncodings = 0;
			knownRegions = (
				en,
				Base,
			);
			mainGroup = AF21A221213FAD41006FB217;
			productRefGroup = AF21A22B213FAD41006FB217 /* Products */;
			projectDirPath = "";
			projectRoot = "";
			targets = (
				AF21A229213FAD41006FB217 /* TasksOnFire */,
			);
		};
/* End PBXProject section */

/* Begin PBXResourcesBuildPhase section */
		AF21A228213FAD41006FB217 /* Resources */ = {
			isa = PBXResourcesBuildPhase;
			buildActionMask = 2147483647;
			files = (
				AF21A238213FAD42006FB217 /* LaunchScreen.storyboard in Resources */,
				AF21A235213FAD42006FB217 /* Assets.xcassets in Resources */,
				AF21A233213FAD41006FB217 /* Main.storyboard in Resources */,
			);
			runOnlyForDeploymentPostprocessing = 0;
		};
/* End PBXResourcesBuildPhase section */

/* Begin PBXShellScriptBuildPhase section */
		79AB301F4115BD6F21FE8D84 /* [CP] Embed Pods Frameworks */ = {
			isa = PBXShellScriptBuildPhase;
			buildActionMask = 2147483647;
			files = (
			);
			inputPaths = (
				"${SRCROOT}/Pods/Target Support Files/Pods-TasksOnFire/Pods-TasksOnFire-frameworks.sh",
				"${BUILT_PRODUCTS_DIR}/GoogleToolboxForMac/GoogleToolboxForMac.framework",
				"${BUILT_PRODUCTS_DIR}/leveldb-library/leveldb.framework",
				"${BUILT_PRODUCTS_DIR}/nanopb/nanopb.framework",
			);
			name = "[CP] Embed Pods Frameworks";
			outputPaths = (
				"${TARGET_BUILD_DIR}/${FRAMEWORKS_FOLDER_PATH}/GoogleToolboxForMac.framework",
				"${TARGET_BUILD_DIR}/${FRAMEWORKS_FOLDER_PATH}/leveldb.framework",
				"${TARGET_BUILD_DIR}/${FRAMEWORKS_FOLDER_PATH}/nanopb.framework",
			);
			runOnlyForDeploymentPostprocessing = 0;
			shellPath = /bin/sh;
			shellScript = "\"${SRCROOT}/Pods/Target Support Files/Pods-TasksOnFire/Pods-TasksOnFire-frameworks.sh\"\n";
			showEnvVarsInLog = 0;
		};
		B975CE6BD59BFE47D57AC6FE /* [CP] Check Pods Manifest.lock */ = {
			isa = PBXShellScriptBuildPhase;
			buildActionMask = 2147483647;
			files = (
			);
			inputPaths = (
				"${PODS_PODFILE_DIR_PATH}/Podfile.lock",
				"${PODS_ROOT}/Manifest.lock",
			);
			name = "[CP] Check Pods Manifest.lock";
			outputPaths = (
				"$(DERIVED_FILE_DIR)/Pods-TasksOnFire-checkManifestLockResult.txt",
			);
			runOnlyForDeploymentPostprocessing = 0;
			shellPath = /bin/sh;
			shellScript = "diff \"${PODS_PODFILE_DIR_PATH}/Podfile.lock\" \"${PODS_ROOT}/Manifest.lock\" > /dev/null\nif [ $? != 0 ] ; then\n    # print error to STDERR\n    echo \"error: The sandbox is not in sync with the Podfile.lock. Run 'pod install' or update your CocoaPods installation.\" >&2\n    exit 1\nfi\n# This output is used by Xcode 'outputs' to avoid re-running this script phase.\necho \"SUCCESS\" > \"${SCRIPT_OUTPUT_FILE_0}\"\n";
			showEnvVarsInLog = 0;
		};
/* End PBXShellScriptBuildPhase section */

/* Begin PBXSourcesBuildPhase section */
		AF21A226213FAD41006FB217 /* Sources */ = {
			isa = PBXSourcesBuildPhase;
			buildActionMask = 2147483647;
			files = (
				AF21A230213FAD41006FB217 /* ViewController.swift in Sources */,
				AF21A22E213FAD41006FB217 /* AppDelegate.swift in Sources */,
			);
			runOnlyForDeploymentPostprocessing = 0;
		};
/* End PBXSourcesBuildPhase section */

/* Begin PBXVariantGroup section */
		AF21A231213FAD41006FB217 /* Main.storyboard */ = {
			isa = PBXVariantGroup;
			children = (
				AF21A232213FAD41006FB217 /* Base */,
			);
			name = Main.storyboard;
			sourceTree = "<group>";
		};
		AF21A236213FAD42006FB217 /* LaunchScreen.storyboard */ = {
			isa = PBXVariantGroup;
			children = (
				AF21A237213FAD42006FB217 /* Base */,
			);
			name = LaunchScreen.storyboard;
			sourceTree = "<group>";
		};
/* End PBXVariantGroup section */

/* Begin XCBuildConfiguration section */
		AF21A23A213FAD42006FB217 /* Debug */ = {
			isa = XCBuildConfiguration;
			buildSettings = {
				ALWAYS_SEARCH_USER_PATHS = NO;
				CLANG_ANALYZER_NONNULL = YES;
				CLANG_ANALYZER_NUMBER_OBJECT_CONVERSION = YES_AGGRESSIVE;
				CLANG_CXX_LANGUAGE_STANDARD = "gnu++14";
				CLANG_CXX_LIBRARY = "libc++";
				CLANG_ENABLE_MODULES = YES;
				CLANG_ENABLE_OBJC_ARC = YES;
				CLANG_ENABLE_OBJC_WEAK = YES;
				CLANG_WARN_BLOCK_CAPTURE_AUTORELEASING = YES;
				CLANG_WARN_BOOL_CONVERSION = YES;
				CLANG_WARN_COMMA = YES;
				CLANG_WARN_CONSTANT_CONVERSION = YES;
				CLANG_WARN_DEPRECATED_OBJC_IMPLEMENTATIONS = YES;
				CLANG_WARN_DIRECT_OBJC_ISA_USAGE = YES_ERROR;
				CLANG_WARN_DOCUMENTATION_COMMENTS = YES;
				CLANG_WARN_EMPTY_BODY = YES;
				CLANG_WARN_ENUM_CONVERSION = YES;
				CLANG_WARN_INFINITE_RECURSION = YES;
				CLANG_WARN_INT_CONVERSION = YES;
				CLANG_WARN_NON_LITERAL_NULL_CONVERSION = YES;
				CLANG_WARN_OBJC_IMPLICIT_RETAIN_SELF = YES;
				CLANG_WARN_OBJC_LITERAL_CONVERSION = YES;
				CLANG_WARN_OBJC_ROOT_CLASS = YES_ERROR;
				CLANG_WARN_RANGE_LOOP_ANALYSIS = YES;
				CLANG_WARN_STRICT_PROTOTYPES = YES;
				CLANG_WARN_SUSPICIOUS_MOVE = YES;
				CLANG_WARN_UNGUARDED_AVAILABILITY = YES_AGGRESSIVE;
				CLANG_WARN_UNREACHABLE_CODE = YES;
				CLANG_WARN__DUPLICATE_METHOD_MATCH = YES;
				CODE_SIGN_IDENTITY = "iPhone Developer";
				COPY_PHASE_STRIP = NO;
				DEBUG_INFORMATION_FORMAT = dwarf;
				ENABLE_STRICT_OBJC_MSGSEND = YES;
				ENABLE_TESTABILITY = YES;
				GCC_C_LANGUAGE_STANDARD = gnu11;
				GCC_DYNAMIC_NO_PIC = NO;
				GCC_NO_COMMON_BLOCKS = YES;
				GCC_OPTIMIZATION_LEVEL = 0;
				GCC_PREPROCESSOR_DEFINITIONS = (
					"DEBUG=1",
					"$(inherited)",
				);
				GCC_WARN_64_TO_32_BIT_CONVERSION = YES;
				GCC_WARN_ABOUT_RETURN_TYPE = YES_ERROR;
				GCC_WARN_UNDECLARED_SELECTOR = YES;
				GCC_WARN_UNINITIALIZED_AUTOS = YES_AGGRESSIVE;
				GCC_WARN_UNUSED_FUNCTION = YES;
				GCC_WARN_UNUSED_VARIABLE = YES;
				IPHONEOS_DEPLOYMENT_TARGET = 11.4;
				MTL_ENABLE_DEBUG_INFO = YES;
				ONLY_ACTIVE_ARCH = YES;
				SDKROOT = iphoneos;
				SWIFT_ACTIVE_COMPILATION_CONDITIONS = DEBUG;
				SWIFT_OPTIMIZATION_LEVEL = "-Onone";
			};
			name = Debug;
		};
		AF21A23B213FAD42006FB217 /* Release */ = {
			isa = XCBuildConfiguration;
			buildSettings = {
				ALWAYS_SEARCH_USER_PATHS = NO;
				CLANG_ANALYZER_NONNULL = YES;
				CLANG_ANALYZER_NUMBER_OBJECT_CONVERSION = YES_AGGRESSIVE;
				CLANG_CXX_LANGUAGE_STANDARD = "gnu++14";
				CLANG_CXX_LIBRARY = "libc++";
				CLANG_ENABLE_MODULES = YES;
				CLANG_ENABLE_OBJC_ARC = YES;
				CLANG_ENABLE_OBJC_WEAK = YES;
				CLANG_WARN_BLOCK_CAPTURE_AUTORELEASING = YES;
				CLANG_WARN_BOOL_CONVERSION = YES;
				CLANG_WARN_COMMA = YES;
				CLANG_WARN_CONSTANT_CONVERSION = YES;
				CLANG_WARN_DEPRECATED_OBJC_IMPLEMENTATIONS = YES;
				CLANG_WARN_DIRECT_OBJC_ISA_USAGE = YES_ERROR;
				CLANG_WARN_DOCUMENTATION_COMMENTS = YES;
				CLANG_WARN_EMPTY_BODY = YES;
				CLANG_WARN_ENUM_CONVERSION = YES;
				CLANG_WARN_INFINITE_RECURSION = YES;
				CLANG_WARN_INT_CONVERSION = YES;
				CLANG_WARN_NON_LITERAL_NULL_CONVERSION = YES;
				CLANG_WARN_OBJC_IMPLICIT_RETAIN_SELF = YES;
				CLANG_WARN_OBJC_LITERAL_CONVERSION = YES;
				CLANG_WARN_OBJC_ROOT_CLASS = YES_ERROR;
				CLANG_WARN_RANGE_LOOP_ANALYSIS = YES;
				CLANG_WARN_STRICT_PROTOTYPES = YES;
				CLANG_WARN_SUSPICIOUS_MOVE = YES;
				CLANG_WARN_UNGUARDED_AVAILABILITY = YES_AGGRESSIVE;
				CLANG_WARN_UNREACHABLE_CODE = YES;
				CLANG_WARN__DUPLICATE_METHOD_MATCH = YES;
				CODE_SIGN_IDENTITY = "iPhone Developer";
				COPY_PHASE_STRIP = NO;
				DEBUG_INFORMATION_FORMAT = "dwarf-with-dsym";
				ENABLE_NS_ASSERTIONS = NO;
				ENABLE_STRICT_OBJC_MSGSEND = YES;
				GCC_C_LANGUAGE_STANDARD = gnu11;
				GCC_NO_COMMON_BLOCKS = YES;
				GCC_WARN_64_TO_32_BIT_CONVERSION = YES;
				GCC_WARN_ABOUT_RETURN_TYPE = YES_ERROR;
				GCC_WARN_UNDECLARED_SELECTOR = YES;
				GCC_WARN_UNINITIALIZED_AUTOS = YES_AGGRESSIVE;
				GCC_WARN_UNUSED_FUNCTION = YES;
				GCC_WARN_UNUSED_VARIABLE = YES;
				IPHONEOS_DEPLOYMENT_TARGET = 11.4;
				MTL_ENABLE_DEBUG_INFO = NO;
				SDKROOT = iphoneos;
				SWIFT_COMPILATION_MODE = wholemodule;
				SWIFT_OPTIMIZATION_LEVEL = "-O";
				VALIDATE_PRODUCT = YES;
			};
			name = Release;
		};
		AF21A23D213FAD42006FB217 /* Debug */ = {
			isa = XCBuildConfiguration;
			baseConfigurationReference = C01F0402A8D3B20C562520EE /* Pods-TasksOnFire.debug.xcconfig */;
			buildSettings = {
				ASSETCATALOG_COMPILER_APPICON_NAME = AppIcon;
				CODE_SIGN_STYLE = Automatic;
				DEVELOPMENT_TEAM = PQ6U5ESLN2;
				INFOPLIST_FILE = TasksOnFire/Info.plist;
				LD_RUNPATH_SEARCH_PATHS = "$(inherited) @executable_path/Frameworks";
				PRODUCT_BUNDLE_IDENTIFIER = com.tinkertanker.TasksOnFire;
				PRODUCT_NAME = "$(TARGET_NAME)";
				SWIFT_VERSION = 4.0;
				TARGETED_DEVICE_FAMILY = "1,2";
			};
			name = Debug;
		};
		AF21A23E213FAD42006FB217 /* Release */ = {
			isa = XCBuildConfiguration;
			baseConfigurationReference = 1C2334A73826DFBDDB3D7F07 /* Pods-TasksOnFire.release.xcconfig */;
			buildSettings = {
				ASSETCATALOG_COMPILER_APPICON_NAME = AppIcon;
				CODE_SIGN_STYLE = Automatic;
				DEVELOPMENT_TEAM = PQ6U5ESLN2;
				INFOPLIST_FILE = TasksOnFire/Info.plist;
				LD_RUNPATH_SEARCH_PATHS = "$(inherited) @executable_path/Frameworks";
				PRODUCT_BUNDLE_IDENTIFIER = com.tinkertanker.TasksOnFire;
				PRODUCT_NAME = "$(TARGET_NAME)";
				SWIFT_VERSION = 4.0;
				TARGETED_DEVICE_FAMILY = "1,2";
			};
			name = Release;
		};
/* End XCBuildConfiguration section */

/* Begin XCConfigurationList section */
		AF21A225213FAD41006FB217 /* Build configuration list for PBXProject "TasksOnFire" */ = {
			isa = XCConfigurationList;
			buildConfigurations = (
				AF21A23A213FAD42006FB217 /* Debug */,
				AF21A23B213FAD42006FB217 /* Release */,
			);
			defaultConfigurationIsVisible = 0;
			defaultConfigurationName = Release;
		};
		AF21A23C213FAD42006FB217 /* Build configuration list for PBXNativeTarget "TasksOnFire" */ = {
			isa = XCConfigurationList;
			buildConfigurations = (
				AF21A23D213FAD42006FB217 /* Debug */,
				AF21A23E213FAD42006FB217 /* Release */,
			);
			defaultConfigurationIsVisible = 0;
			defaultConfigurationName = Release;
		};
/* End XCConfigurationList section */
	};
	rootObject = AF21A222213FAD41006FB217 /* Project object */;
}
